
Microsoft Visual Studio Solution File, Format Version 12.00
# Visual Studio Version 16
VisualStudioVersion = 16.0.29519.87
MinimumVisualStudioVersion = 10.0.40219.1
Project("{9A19103F-16F7-4668-BE54-9A1E7A4F7556}") = "ConsoleApp", "ConsoleApp\ConsoleApp.csproj", "{F0BE23D3-C2AA-461B-BF9D-806D94AAD55F}"
EndProject
Project("{2150E333-8FDC-42A3-9474-1A3956D46DE8}") = "UI", "UI", "{6989C5D2-3CF6-4051-84B0-BC2AA20CA9F0}"
EndProject
Project("{2150E333-8FDC-42A3-9474-1A3956D46DE8}") = "Logic", "Logic", "{CD7140A3-A757-47FD-BB63-ADFA168F4A0C}"
EndProject
Project("{2150E333-8FDC-42A3-9474-1A3956D46DE8}") = "Data", "Data", "{75187FFE-EFFD-4467-B969-04EDD3579C54}"
EndProject
Project("{2150E333-8FDC-42A3-9474-1A3956D46DE8}") = "CrossCutting", "CrossCutting", "{434CF3C8-2FF8-436C-B1AD-9160F0F92280}"
EndProject
Project("{2150E333-8FDC-42A3-9474-1A3956D46DE8}") = "DI", "DI", "{9453FE48-2193-4DFE-BC3C-6B8D398BEBAC}"
EndProject
Project("{2150E333-8FDC-42A3-9474-1A3956D46DE8}") = "PlugIn", "PlugIn", "{B126098B-9F6B-41F3-9CDF-F52AF8C8E62A}"
EndProject
Project("{9A19103F-16F7-4668-BE54-9A1E7A4F7556}") = "PlugInManagement", "PlugInManagement\PlugInManagement.csproj", "{4149DBF0-BE6B-46B6-8DF8-1A39E31816AF}"
EndProject
Project("{9A19103F-16F7-4668-BE54-9A1E7A4F7556}") = "PlugInManagement.Contract", "PlugInManagement.Contract\PlugInManagement.Contract.csproj", "{5DDCCAD6-3797-4FE8-9AD0-1A29DD41485C}"
EndProject
Project("{9A19103F-16F7-4668-BE54-9A1E7A4F7556}") = "Mappings", "Mappings\Mappings.csproj", "{6266B317-DB8D-4859-B1A6-22146FC737E3}"
EndProject
Project("{9A19103F-16F7-4668-BE54-9A1E7A4F7556}") = "Core.Contract", "Core.Contract\Core.Contract.csproj", "{FF2A57EF-19DD-4BEA-82A2-A10396D8B322}"
EndProject
Project("{9A19103F-16F7-4668-BE54-9A1E7A4F7556}") = "Core", "Core\Core.csproj", "{253D1155-A879-4BA4-8DE2-B4B7EDD368BC}"
EndProject
Project("{9A19103F-16F7-4668-BE54-9A1E7A4F7556}") = "MyFirstPlugIn", "MyFirstPlugIn\MyFirstPlugIn.csproj", "{5AF43897-E6F4-4E1B-8874-93B14584EBAF}"
EndProject
Project("{2150E333-8FDC-42A3-9474-1A3956D46DE8}") = "DataClasses", "DataClasses", "{35C46751-6F4E-4BC4-9549-66E65E4DFE28}"
EndProject
Project("{9A19103F-16F7-4668-BE54-9A1E7A4F7556}") = "EventMessages", "EventMessages\EventMessages.csproj", "{D15F0BCC-1B86-488C-9C61-4ED536979714}"
EndProject
Project("{FAE04EC0-301F-11D3-BF4B-00C04F79EFBC}") = "MySecondPlugIn", "MySecondPlugIn\MySecondPlugIn.csproj", "{C1F6D1C7-6139-4F5D-A6BD-0B0D2240BCBD}"
EndProject
Global
	GlobalSection(SolutionConfigurationPlatforms) = preSolution
		Debug|Any CPU = Debug|Any CPU
		Release|Any CPU = Release|Any CPU
	EndGlobalSection
	GlobalSection(ProjectConfigurationPlatforms) = postSolution
		{F0BE23D3-C2AA-461B-BF9D-806D94AAD55F}.Debug|Any CPU.ActiveCfg = Debug|Any CPU
		{F0BE23D3-C2AA-461B-BF9D-806D94AAD55F}.Debug|Any CPU.Build.0 = Debug|Any CPU
		{F0BE23D3-C2AA-461B-BF9D-806D94AAD55F}.Release|Any CPU.ActiveCfg = Release|Any CPU
		{F0BE23D3-C2AA-461B-BF9D-806D94AAD55F}.Release|Any CPU.Build.0 = Release|Any CPU
		{4149DBF0-BE6B-46B6-8DF8-1A39E31816AF}.Debug|Any CPU.ActiveCfg = Debug|Any CPU
		{4149DBF0-BE6B-46B6-8DF8-1A39E31816AF}.Debug|Any CPU.Build.0 = Debug|Any CPU
		{4149DBF0-BE6B-46B6-8DF8-1A39E31816AF}.Release|Any CPU.ActiveCfg = Release|Any CPU
		{4149DBF0-BE6B-46B6-8DF8-1A39E31816AF}.Release|Any CPU.Build.0 = Release|Any CPU
		{5DDCCAD6-3797-4FE8-9AD0-1A29DD41485C}.Debug|Any CPU.ActiveCfg = Debug|Any CPU
		{5DDCCAD6-3797-4FE8-9AD0-1A29DD41485C}.Debug|Any CPU.Build.0 = Debug|Any CPU
		{5DDCCAD6-3797-4FE8-9AD0-1A29DD41485C}.Release|Any CPU.ActiveCfg = Release|Any CPU
		{5DDCCAD6-3797-4FE8-9AD0-1A29DD41485C}.Release|Any CPU.Build.0 = Release|Any CPU
		{6266B317-DB8D-4859-B1A6-22146FC737E3}.Debug|Any CPU.ActiveCfg = Debug|Any CPU
		{6266B317-DB8D-4859-B1A6-22146FC737E3}.Debug|Any CPU.Build.0 = Debug|Any CPU
		{6266B317-DB8D-4859-B1A6-22146FC737E3}.Release|Any CPU.ActiveCfg = Release|Any CPU
		{6266B317-DB8D-4859-B1A6-22146FC737E3}.Release|Any CPU.Build.0 = Release|Any CPU
		{FF2A57EF-19DD-4BEA-82A2-A10396D8B322}.Debug|Any CPU.ActiveCfg = Debug|Any CPU
		{FF2A57EF-19DD-4BEA-82A2-A10396D8B322}.Debug|Any CPU.Build.0 = Debug|Any CPU
		{FF2A57EF-19DD-4BEA-82A2-A10396D8B322}.Release|Any CPU.ActiveCfg = Release|Any CPU
		{FF2A57EF-19DD-4BEA-82A2-A10396D8B322}.Release|Any CPU.Build.0 = Release|Any CPU
		{253D1155-A879-4BA4-8DE2-B4B7EDD368BC}.Debug|Any CPU.ActiveCfg = Debug|Any CPU
		{253D1155-A879-4BA4-8DE2-B4B7EDD368BC}.Debug|Any CPU.Build.0 = Debug|Any CPU
		{253D1155-A879-4BA4-8DE2-B4B7EDD368BC}.Release|Any CPU.ActiveCfg = Release|Any CPU
		{253D1155-A879-4BA4-8DE2-B4B7EDD368BC}.Release|Any CPU.Build.0 = Release|Any CPU
		{5AF43897-E6F4-4E1B-8874-93B14584EBAF}.Debug|Any CPU.ActiveCfg = Debug|Any CPU
		{5AF43897-E6F4-4E1B-8874-93B14584EBAF}.Debug|Any CPU.Build.0 = Debug|Any CPU
		{5AF43897-E6F4-4E1B-8874-93B14584EBAF}.Release|Any CPU.ActiveCfg = Release|Any CPU
		{5AF43897-E6F4-4E1B-8874-93B14584EBAF}.Release|Any CPU.Build.0 = Release|Any CPU
		{D15F0BCC-1B86-488C-9C61-4ED536979714}.Debug|Any CPU.ActiveCfg = Debug|Any CPU
		{D15F0BCC-1B86-488C-9C61-4ED536979714}.Debug|Any CPU.Build.0 = Debug|Any CPU
		{D15F0BCC-1B86-488C-9C61-4ED536979714}.Release|Any CPU.ActiveCfg = Release|Any CPU
		{D15F0BCC-1B86-488C-9C61-4ED536979714}.Release|Any CPU.Build.0 = Release|Any CPU
		{C1F6D1C7-6139-4F5D-A6BD-0B0D2240BCBD}.Debug|Any CPU.ActiveCfg = Debug|Any CPU
		{C1F6D1C7-6139-4F5D-A6BD-0B0D2240BCBD}.Debug|Any CPU.Build.0 = Debug|Any CPU
		{C1F6D1C7-6139-4F5D-A6BD-0B0D2240BCBD}.Release|Any CPU.ActiveCfg = Release|Any CPU
		{C1F6D1C7-6139-4F5D-A6BD-0B0D2240BCBD}.Release|Any CPU.Build.0 = Release|Any CPU
	EndGlobalSection
	GlobalSection(SolutionProperties) = preSolution
		HideSolutionNode = FALSE
	EndGlobalSection
	GlobalSection(NestedProjects) = preSolution
		{F0BE23D3-C2AA-461B-BF9D-806D94AAD55F} = {6989C5D2-3CF6-4051-84B0-BC2AA20CA9F0}
		{B126098B-9F6B-41F3-9CDF-F52AF8C8E62A} = {CD7140A3-A757-47FD-BB63-ADFA168F4A0C}
		{4149DBF0-BE6B-46B6-8DF8-1A39E31816AF} = {CD7140A3-A757-47FD-BB63-ADFA168F4A0C}
		{5DDCCAD6-3797-4FE8-9AD0-1A29DD41485C} = {CD7140A3-A757-47FD-BB63-ADFA168F4A0C}
		{6266B317-DB8D-4859-B1A6-22146FC737E3} = {9453FE48-2193-4DFE-BC3C-6B8D398BEBAC}
		{FF2A57EF-19DD-4BEA-82A2-A10396D8B322} = {434CF3C8-2FF8-436C-B1AD-9160F0F92280}
		{253D1155-A879-4BA4-8DE2-B4B7EDD368BC} = {434CF3C8-2FF8-436C-B1AD-9160F0F92280}
		{5AF43897-E6F4-4E1B-8874-93B14584EBAF} = {B126098B-9F6B-41F3-9CDF-F52AF8C8E62A}
		{35C46751-6F4E-4BC4-9549-66E65E4DFE28} = {434CF3C8-2FF8-436C-B1AD-9160F0F92280}
		{D15F0BCC-1B86-488C-9C61-4ED536979714} = {35C46751-6F4E-4BC4-9549-66E65E4DFE28}
		{C1F6D1C7-6139-4F5D-A6BD-0B0D2240BCBD} = {B126098B-9F6B-41F3-9CDF-F52AF8C8E62A}
	EndGlobalSection
	GlobalSection(ExtensibilityGlobals) = postSolution
		SolutionGuid = {46CE1EA8-2240-4AA9-ADF6-C653A7CF967D}
	EndGlobalSection
EndGlobal
